{
  "name": "sentry-miniapp",
  "version": "0.0.1",
  "lockfileVersion": 1,
  "requires": true,
  "dependencies": {
    "@fimbul/bifrost": {
      "version": "0.17.0",
      "resolved": "https://registry.npmjs.org/@fimbul/bifrost/-/bifrost-0.17.0.tgz",
      "integrity": "sha512-gVTkJAOef5HtN6LPmrtt5fAUmBywwlgmObsU3FBhPoNeXPLaIl2zywXkJEtvvVLQnaFmtff3x+wIj5lHRCDE3Q==",
      "dev": true,
      "requires": {
        "@fimbul/ymir": "^0.17.0",
        "get-caller-file": "^2.0.0",
        "tslib": "^1.8.1",
        "tsutils": "^3.5.0"
      },
      "dependencies": {
        "tsutils": {
          "version": "3.17.1",
          "resolved": "https://registry.npmjs.org/tsutils/-/tsutils-3.17.1.tgz",
          "integrity": "sha512-kzeQ5B8H3w60nFY2g8cJIuH7JDpsALXySGtwGJ0p2LSjLgay3NdIpqq5SoOBe46bKDW2iq25irHCr8wjomUS2g==",
          "dev": true,
          "requires": {
            "tslib": "^1.8.1"
          }
        }
      }
    },
    "@fimbul/ymir": {
      "version": "0.17.0",
      "resolved": "https://registry.npmjs.org/@fimbul/ymir/-/ymir-0.17.0.tgz",
      "integrity": "sha512-xMXM9KTXRLHLVS6dnX1JhHNEkmWHcAVCQ/4+DA1KKwC/AFnGHzu/7QfQttEPgw3xplT+ILf9e3i64jrFwB3JtA==",
      "dev": true,
      "requires": {
        "inversify": "^5.0.0",
        "reflect-metadata": "^0.1.12",
        "tslib": "^1.8.1"
      }
    },
    "@sentry/core": {
      "version": "5.6.1",
      "resolved": "https://registry.npmjs.org/@sentry/core/-/core-5.6.1.tgz",
      "integrity": "sha512-gK8XfkJIZLsBEQehkr2q2fdHI50B3yo4RXiixSZiNBVIzQ+1z3JcMssDzGwhbY81NHUzHZ7of3oQ4Ab4OGRI/g==",
      "requires": {
        "@sentry/hub": "5.6.1",
        "@sentry/minimal": "5.6.1",
        "@sentry/types": "5.6.1",
        "@sentry/utils": "5.6.1",
        "tslib": "^1.9.3"
      }
    },
    "@sentry/hub": {
      "version": "5.6.1",
      "resolved": "https://registry.npmjs.org/@sentry/hub/-/hub-5.6.1.tgz",
      "integrity": "sha512-m+OhkIV5yTAL3R1+XfCwzUQka0UF/xG4py8sEfPXyYIcoOJ2ZTX+1kQJLy8QQJ4RzOBwZA+DzRKP0cgzPJ3+oQ==",
      "requires": {
        "@sentry/types": "5.6.1",
        "@sentry/utils": "5.6.1",
        "tslib": "^1.9.3"
      }
    },
    "@sentry/minimal": {
      "version": "5.6.1",
      "resolved": "https://registry.npmjs.org/@sentry/minimal/-/minimal-5.6.1.tgz",
      "integrity": "sha512-ercCKuBWHog6aS6SsJRuKhJwNdJ2oRQVWT2UAx1zqvsbHT9mSa8ZRjdPHYOtqY3DoXKk/pLUFW/fkmAnpdMqRw==",
      "requires": {
        "@sentry/hub": "5.6.1",
        "@sentry/types": "5.6.1",
        "tslib": "^1.9.3"
      }
    },
    "@sentry/types": {
      "version": "5.6.1",
      "resolved": "https://registry.npmjs.org/@sentry/types/-/types-5.6.1.tgz",
      "integrity": "sha512-Kub8TETefHpdhvtnDj3kKfhCj0u/xn3Zi2zIC7PB11NJHvvPXENx97tciz4roJGp7cLRCJsFqCg4tHXniqDSnQ=="
    },
    "@sentry/typescript": {
      "version": "5.3.0",
      "resolved": "https://registry.npmjs.org/@sentry/typescript/-/typescript-5.3.0.tgz",
      "integrity": "sha512-w2DEFHU3a45VVAShuMiiZM0xHdMQxAY9P55Cbpdc79O7MeRDZRKBNSY7GUlCYHJwpHBAdR6X7c3Qfsux5VubpQ==",
      "dev": true,
      "requires": {
        "tslint-config-prettier": "^1.18.0",
        "tslint-consistent-codestyle": "^1.15.1"
      }
    },
    "@sentry/utils": {
      "version": "5.6.1",
      "resolved": "https://registry.npmjs.org/@sentry/utils/-/utils-5.6.1.tgz",
      "integrity": "sha512-rfgha+UsHW816GqlSRPlniKqAZylOmQWML2JsujoUP03nPu80zdN43DK9Poy/d9OxBxv0gd5K2n+bFdM2kqLQQ==",
      "requires": {
        "@sentry/types": "5.6.1",
        "tslib": "^1.9.3"
      }
    },
    "get-caller-file": {
      "version": "2.0.5",
      "resolved": "https://registry.npmjs.org/get-caller-file/-/get-caller-file-2.0.5.tgz",
      "integrity": "sha512-DyFP3BM/3YHTQOCUL/w0OZHR0lpKeGrxotcHWcqNEdnltqFwXVfhEBQ94eIo34AfQpo0rGki4cyIiftY06h2Fg==",
      "dev": true
    },
    "inversify": {
      "version": "5.0.1",
      "resolved": "https://registry.npmjs.org/inversify/-/inversify-5.0.1.tgz",
      "integrity": "sha512-Ieh06s48WnEYGcqHepdsJUIJUXpwH5o5vodAX+DK2JA/gjy4EbEcQZxw+uFfzysmKjiLXGYwNG3qDZsKVMcINQ==",
      "dev": true
    },
    "reflect-metadata": {
      "version": "0.1.13",
      "resolved": "https://registry.npmjs.org/reflect-metadata/-/reflect-metadata-0.1.13.tgz",
      "integrity": "sha512-Ts1Y/anZELhSsjMcU605fU9RE4Oi3p5ORujwbIKXfWa+0Zxs510Qrmrce5/Jowq3cHSZSJqBjypxmHarc+vEWg==",
      "dev": true
    },
    "tslib": {
      "version": "1.10.0",
      "resolved": "https://registry.npmjs.org/tslib/-/tslib-1.10.0.tgz",
      "integrity": "sha512-qOebF53frne81cf0S9B41ByenJ3/IuH8yJKngAX35CmiZySA0khhkovshKK+jGCaMnVomla7gVlIcc3EvKPbTQ=="
    },
    "tslint-config-prettier": {
      "version": "1.18.0",
      "resolved": "https://registry.npmjs.org/tslint-config-prettier/-/tslint-config-prettier-1.18.0.tgz",
      "integrity": "sha512-xPw9PgNPLG3iKRxmK7DWr+Ea/SzrvfHtjFt5LBl61gk2UBG/DB9kCXRjv+xyIU1rUtnayLeMUVJBcMX8Z17nDg==",
      "dev": true
    },
    "tslint-consistent-codestyle": {
      "version": "1.15.1",
      "resolved": "https://registry.npmjs.org/tslint-consistent-codestyle/-/tslint-consistent-codestyle-1.15.1.tgz",
      "integrity": "sha512-38Y3Dz4zcABe/PlPAQSGNEWPGVq0OzcIQR7SEU6dNujp/SgvhxhJOhIhI9gY4r0I3/TNtvVQwARWor9O9LPZWg==",
      "dev": true,
      "requires": {
        "@fimbul/bifrost": "^0.17.0",
        "tslib": "^1.7.1",
        "tsutils": "^2.29.0"
      }
    },
    "tsutils": {
      "version": "2.29.0",
      "resolved": "https://registry.npmjs.org/tsutils/-/tsutils-2.29.0.tgz",
      "integrity": "sha512-g5JVHCIJwzfISaXpXE1qvNalca5Jwob6FjI4AoPlqMusJ6ftFE7IkkFoMhVLRgK+4Kx3gkzb8UZK5t5yTTvEmA==",
      "dev": true,
      "requires": {
        "tslib": "^1.8.1"
      }
    }
  }
}
